// !$*UTF8*$!
{
	archiveVersion = 1;
	classes = {
	};
	objectVersion = 55;
	objects = {

/* Begin PBXBuildFile section */
		018ED432CE3ABCDEF2EE1A09 /* EWDroneEntity.swift in Sources */ = {isa = PBXBuildFile; fileRef = 7F9E676C9F055079CF3B2F88 /* EWDroneEntity.swift */; };
		06170ABA01AA15480E4B086F /* RocketEntity.swift in Sources */ = {isa = PBXBuildFile; fileRef = 5E5BC2AACB1DCD6013A68D68 /* RocketEntity.swift */; };
		107B032D61309B93264DB743 /* AbilityManager.swift in Sources */ = {isa = PBXBuildFile; fileRef = AA92ED7AC641FBA9FB1297FE /* AbilityManager.swift */; };
		205789F7DE5911602DECBE06 /* TowerAnimationComponent.swift in Sources */ = {isa = PBXBuildFile; fileRef = 6653B71D2849E72FAC6A5DB8 /* TowerAnimationComponent.swift */; };
		289E3B90C2A401CE1D3EF51A /* EconomyManager.swift in Sources */ = {isa = PBXBuildFile; fileRef = 0AC46726178361CF293B37DD /* EconomyManager.swift */; };
		2A6ACA6D66AEE689FDDF1BB6 /* InGameSettingsMenu.swift in Sources */ = {isa = PBXBuildFile; fileRef = 45D7F4B210E795096BD2E49B /* InGameSettingsMenu.swift */; };
		2D11E5EB6A300F45E626BF27 /* InPlaySKScene+Effects.swift in Sources */ = {isa = PBXBuildFile; fileRef = FB8749211852EB32CA46058D /* InPlaySKScene+Effects.swift */; };
		30E74BAA2637D734FEFBDA93 /* AbilityButton.swift in Sources */ = {isa = PBXBuildFile; fileRef = 89E80557A39812CE1D8D89EF /* AbilityButton.swift */; };
		342D3B16227FFC7A8D050745 /* SettlementEntity.swift in Sources */ = {isa = PBXBuildFile; fileRef = A70EFF6AD3C75BA7832ECDA9 /* SettlementEntity.swift */; };
		34D036294A4909BB181B2C9A /* TowerPlacementManager.swift in Sources */ = {isa = PBXBuildFile; fileRef = 84BE006ABDF7265596BBC8C0 /* TowerPlacementManager.swift */; };
		3E50CCDEAAE67AE778D830A6 /* ShahedDroneEntity.swift in Sources */ = {isa = PBXBuildFile; fileRef = 703CCE9D1A35A6D5155D4A45 /* ShahedDroneEntity.swift */; };
		61CB429A9B0AFF9FAC5C6864 /* CampaignManager.swift in Sources */ = {isa = PBXBuildFile; fileRef = 602446D8463333F1C8470BCA /* CampaignManager.swift */; };
		653124455752B01A2D0BD9A4 /* TowerType.swift in Sources */ = {isa = PBXBuildFile; fileRef = D1201DE8A1BA821E67CA7E89 /* TowerType.swift */; };
		667541F865B7F961E067D0A0 /* GridPositionComponent.swift in Sources */ = {isa = PBXBuildFile; fileRef = 4F78C1EF5EB59582A3C456C5 /* GridPositionComponent.swift */; };
		691A771BFF5CE50294B49148 /* TowerStatsComponent.swift in Sources */ = {isa = PBXBuildFile; fileRef = EDE79B0995E5C5B5360EFADA /* TowerStatsComponent.swift */; };
		6AC30D2C94324BB50766453C /* HeavyDroneEntity.swift in Sources */ = {isa = PBXBuildFile; fileRef = D349281A822100EECF8A65AB /* HeavyDroneEntity.swift */; };
		7710380A16E26668152F1351 /* FighterEntity.swift in Sources */ = {isa = PBXBuildFile; fileRef = 154227CFE8F456841C7DE947 /* FighterEntity.swift */; };
		781F3B8C7039AEC0AC5F2722 /* ConveyorBeltManager.swift in Sources */ = {isa = PBXBuildFile; fileRef = 3BE2C3DA3DFC623DED35C43E /* ConveyorBeltManager.swift */; };
		79A0886C50AF7615663C1D9B /* EnemyMissileEntity.swift in Sources */ = {isa = PBXBuildFile; fileRef = A3619EA960005F014CAFE3D9 /* EnemyMissileEntity.swift */; };
		8117D7CD7C573AA2F49852BD /* CruiseMissileEntity.swift in Sources */ = {isa = PBXBuildFile; fileRef = 1E146F79F31B3C66E5D69ADC /* CruiseMissileEntity.swift */; };
		848313676039A5C56B482EC4 /* GridMap.swift in Sources */ = {isa = PBXBuildFile; fileRef = F5370C041DACB6C0053E400B /* GridMap.swift */; };
		896BAF4B3B60941BB5ABF426 /* InPlaySKScene+TouchHandling.swift in Sources */ = {isa = PBXBuildFile; fileRef = 9AFA161635E8B5D30162FEFB /* InPlaySKScene+TouchHandling.swift */; };
		90C127F3AE09076EFDD882AD /* InPlaySKScene+Settings.swift in Sources */ = {isa = PBXBuildFile; fileRef = E71FAB42C1106B2813C5073D /* InPlaySKScene+Settings.swift */; };
		9303AA8725E2AA42AF5AEDBD /* InPlaySKScene+DroneSpawning.swift in Sources */ = {isa = PBXBuildFile; fileRef = 08BEE18AD76CE2D878F0744E /* InPlaySKScene+DroneSpawning.swift */; };
		94B68F3C46133AA22086A326 /* MilitaryAidManager.swift in Sources */ = {isa = PBXBuildFile; fileRef = 0C011B81159844D3C7B0449B /* MilitaryAidManager.swift */; };
		9975FDC0B5DDD3587194E9FB /* AltitudeComponent.swift in Sources */ = {isa = PBXBuildFile; fileRef = B16310071E0D99CD242F3D4C /* AltitudeComponent.swift */; };
		9BB8E13C36C1BDDFFF177A9D /* InPlaySKScene+FireControl.swift in Sources */ = {isa = PBXBuildFile; fileRef = B9212DDE097E52FC9EFC5DDB /* InPlaySKScene+FireControl.swift */; };
		9CFA430D048AB67ABC1C103C /* InPlaySKScene+GameEvents.swift in Sources */ = {isa = PBXBuildFile; fileRef = 40491258680FF407F42A4C77 /* InPlaySKScene+GameEvents.swift */; };
		A312DC9661D94B247703231E /* AnimationTextureCache.swift in Sources */ = {isa = PBXBuildFile; fileRef = 3A3FAC8A0B193A071848231B /* AnimationTextureCache.swift */; };
		A4A6E1CB14564D043A7A1A23 /* KamikazeDroneEntity.swift in Sources */ = {isa = PBXBuildFile; fileRef = DD78F146D97E5B42B351A96D /* KamikazeDroneEntity.swift */; };
		A4D058169AE7BC53878D6758 /* TowerSynergyManager.swift in Sources */ = {isa = PBXBuildFile; fileRef = 25E9B506C99B4585BE5AD97A /* TowerSynergyManager.swift */; };
		B280DADDF52757CBFEBAE8FB /* SettingsButton.swift in Sources */ = {isa = PBXBuildFile; fileRef = D4ABCC28809A323C5E9420ED /* SettingsButton.swift */; };
		B57152D34E9C3E67E997616F /* OrlanDroneEntity.swift in Sources */ = {isa = PBXBuildFile; fileRef = 5F0C6F9E411DB41A419A36AC /* OrlanDroneEntity.swift */; };
		B582FAB6E050507D4C495DFA /* WaveManager.swift in Sources */ = {isa = PBXBuildFile; fileRef = C075363E2C5B5B7E074DCF6C /* WaveManager.swift */; };
		C2CE2BC7022FDC292355761E /* MineLayerDroneEntity.swift in Sources */ = {isa = PBXBuildFile; fileRef = 514676C120CBC4EE4FFD7EEF /* MineLayerDroneEntity.swift */; };
		C37855C4BDF2A174025C9F35 /* MineBombEntity.swift in Sources */ = {isa = PBXBuildFile; fileRef = 902D73B41BE26B7D6A98F648 /* MineBombEntity.swift */; };
		C9F3E25E7990769E95E0D64C /* TowerTargetingComponent.swift in Sources */ = {isa = PBXBuildFile; fileRef = 685BEF6E407B503488D8EA60 /* TowerTargetingComponent.swift */; };
		CC27C242C5CFCFDF462C8F33 /* InPlaySKScene+GameFlow.swift in Sources */ = {isa = PBXBuildFile; fileRef = E4299EB6A8BEECB92237DDB3 /* InPlaySKScene+GameFlow.swift */; };
		CCBCB79DCEA1327FF0B9562B /* TowerRotationComponent.swift in Sources */ = {isa = PBXBuildFile; fileRef = 325D875BD641413BA6D78230 /* TowerRotationComponent.swift */; };
		D34B8009409421E985CD36E3 /* LevelDefinition.swift in Sources */ = {isa = PBXBuildFile; fileRef = 72B1839A1A1701FB46CA5B4B /* LevelDefinition.swift */; };
		D43AC718C7298C4F8965DCDA /* InPlaySKScene+HUD.swift in Sources */ = {isa = PBXBuildFile; fileRef = BDC906FD4B5C422C77FA69DD /* InPlaySKScene+HUD.swift */; };
		D51976B1A53E01028C4839ED /* SettlementManager.swift in Sources */ = {isa = PBXBuildFile; fileRef = 8733782335164078D672CC11 /* SettlementManager.swift */; };
		DA730FEE84881832C0360DFC /* TowerEntity.swift in Sources */ = {isa = PBXBuildFile; fileRef = 30119FBCFF5EA73AE60E8F3A /* TowerEntity.swift */; };
		DB002D25F8E4889AC3276E95 /* EWTowerComponent.swift in Sources */ = {isa = PBXBuildFile; fileRef = A3D522EBC1D29A42138FB62C /* EWTowerComponent.swift */; };
		DB305973B7474676C7633779 /* SwarmCloudEntity.swift in Sources */ = {isa = PBXBuildFile; fileRef = CC73A0E5DDD9738F5CEF68A5 /* SwarmCloudEntity.swift */; };
		DDBC47F211B77CE6BC54EC74 /* LancetDroneEntity.swift in Sources */ = {isa = PBXBuildFile; fileRef = F7FFB66BE84B0031D87EF779 /* LancetDroneEntity.swift */; };
		DE827CD0133C20631EE5ECB5 /* DroneFlightPath.swift in Sources */ = {isa = PBXBuildFile; fileRef = 483A5CB80C901133E62EF9CB /* DroneFlightPath.swift */; };
		E9356F7C2948A6A6005BC143 /* Direction.swift in Sources */ = {isa = PBXBuildFile; fileRef = E9356F7B2948A6A6005BC143 /* Direction.swift */; };
		E9356FFD2959A564005BC143 /* ShootComponent.swift in Sources */ = {isa = PBXBuildFile; fileRef = E9356FFC2959A564005BC143 /* ShootComponent.swift */; };
		E95511BD293A05FD000137C6 /* BulletEntity.swift in Sources */ = {isa = PBXBuildFile; fileRef = E95511BC293A05FD000137C6 /* BulletEntity.swift */; };
		E95511C0293A069C000137C6 /* Shell.swift in Sources */ = {isa = PBXBuildFile; fileRef = E95511BF293A069C000137C6 /* Shell.swift */; };
		E95511C3293A45E6000137C6 /* GeometryComponent.swift in Sources */ = {isa = PBXBuildFile; fileRef = E95511C2293A45E6000137C6 /* GeometryComponent.swift */; };
		E95511C5293A6255000137C6 /* PlayerControlComponent.swift in Sources */ = {isa = PBXBuildFile; fileRef = E95511C4293A6255000137C6 /* PlayerControlComponent.swift */; };
		E95511C9293A7341000137C6 /* Assets.xcassets in Resources */ = {isa = PBXBuildFile; fileRef = E95511C8293A7340000137C6 /* Assets.xcassets */; };
		E95511CB293B459F000137C6 /* GunEntity.swift in Sources */ = {isa = PBXBuildFile; fileRef = E95511CA293B459F000137C6 /* GunEntity.swift */; };
		E95511CD293B5650000137C6 /* SpriteComponent.swift in Sources */ = {isa = PBXBuildFile; fileRef = E95511CC293B5650000137C6 /* SpriteComponent.swift */; };
		E95511D4293D0E72000137C6 /* InPlaySKScene.swift in Sources */ = {isa = PBXBuildFile; fileRef = E95511D3293D0E72000137C6 /* InPlaySKScene.swift */; };
		E9551215293E5A04000137C6 /* RotationComponent.swift in Sources */ = {isa = PBXBuildFile; fileRef = E9551214293E5A04000137C6 /* RotationComponent.swift */; };
		E96D79F32964623500D47A57 /* FlyingProjectile.swift in Sources */ = {isa = PBXBuildFile; fileRef = E96D79F22964623500D47A57 /* FlyingProjectile.swift */; };
		E96D79F5296474C400D47A57 /* AttackDroneEntity.swift in Sources */ = {isa = PBXBuildFile; fileRef = E96D79F4296474C400D47A57 /* AttackDroneEntity.swift */; };
		E96D79F92964BA4700D47A57 /* FlyingProjectileComponent.swift in Sources */ = {isa = PBXBuildFile; fileRef = E96D79F82964BA4700D47A57 /* FlyingProjectileComponent.swift */; };
		E96D79FB29657F2400D47A57 /* FlyingPath.swift in Sources */ = {isa = PBXBuildFile; fileRef = E96D79FA29657F2400D47A57 /* FlyingPath.swift */; };
		E9731FEC29BDC96100BD198A /* Constants.swift in Sources */ = {isa = PBXBuildFile; fileRef = E9731FEB29BDC96100BD198A /* Constants.swift */; };
		E9731FEF29BDD3F000BD198A /* MenuButton.swift in Sources */ = {isa = PBXBuildFile; fileRef = E9731FEE29BDD3F000BD198A /* MenuButton.swift */; };
		E9731FF129BDDB7D00BD198A /* SpriteKitNodeExtension.swift in Sources */ = {isa = PBXBuildFile; fileRef = E9731FF029BDDB7D00BD198A /* SpriteKitNodeExtension.swift */; };
		E9731FF329BDE17A00BD198A /* ExitMenu.swift in Sources */ = {isa = PBXBuildFile; fileRef = E9731FF229BDE17A00BD198A /* ExitMenu.swift */; };
		E9731FF629BE4AEA00BD198A /* WeaponCell.swift in Sources */ = {isa = PBXBuildFile; fileRef = E9731FF529BE4AEA00BD198A /* WeaponCell.swift */; };
		E9731FF829BE4E4500BD198A /* UIImage.swift in Sources */ = {isa = PBXBuildFile; fileRef = E9731FF729BE4E4500BD198A /* UIImage.swift */; };
		E9731FFA29BE5A6600BD198A /* UIView.swift in Sources */ = {isa = PBXBuildFile; fileRef = E9731FF929BE5A6600BD198A /* UIView.swift */; };
		E9731FFC29BF08D400BD198A /* WeaponRow.swift in Sources */ = {isa = PBXBuildFile; fileRef = E9731FFB29BF08D400BD198A /* WeaponRow.swift */; };
		E9731FFF29BF75BF00BD198A /* PistolGun.swift in Sources */ = {isa = PBXBuildFile; fileRef = E9731FFE29BF75BF00BD198A /* PistolGun.swift */; };
		E973200129BF818600BD198A /* MiniGun.swift in Sources */ = {isa = PBXBuildFile; fileRef = E973200029BF818600BD198A /* MiniGun.swift */; };
		E973200429BF8D3D00BD198A /* CollisionDetectedInGame.swift in Sources */ = {isa = PBXBuildFile; fileRef = E973200329BF8D3D00BD198A /* CollisionDetectedInGame.swift */; };
		E9873F752939344500302524 /* AppDelegate.swift in Sources */ = {isa = PBXBuildFile; fileRef = E9873F742939344500302524 /* AppDelegate.swift */; };
		E9873F7D2939344500302524 /* GameViewController.swift in Sources */ = {isa = PBXBuildFile; fileRef = E9873F7C2939344500302524 /* GameViewController.swift */; };
		E9873F8F2939344600302524 /* PVOGameTests.swift in Sources */ = {isa = PBXBuildFile; fileRef = E9873F8E2939344600302524 /* PVOGameTests.swift */; };
		E9873F992939344600302524 /* PVOGameUITests.swift in Sources */ = {isa = PBXBuildFile; fileRef = E9873F982939344600302524 /* PVOGameUITests.swift */; };
		E9873F9B2939344600302524 /* PVOGameUITestsLaunchTests.swift in Sources */ = {isa = PBXBuildFile; fileRef = E9873F9A2939344600302524 /* PVOGameUITestsLaunchTests.swift */; };
		E9873FA82939E98900302524 /* UIView_Pin.swift in Sources */ = {isa = PBXBuildFile; fileRef = E9873FA72939E98900302524 /* UIView_Pin.swift */; };
		E9BC12B229C0D93200BAC76F /* DickGun.swift in Sources */ = {isa = PBXBuildFile; fileRef = E9BC12B129C0D93200BAC76F /* DickGun.swift */; };
		EE3C41F0087C21F639F74984 /* ShadowComponent.swift in Sources */ = {isa = PBXBuildFile; fileRef = 730B3560840256CE1DCC1AB5 /* ShadowComponent.swift */; };
		F307F65196D3217F749A6623 /* HarmMissileEntity.swift in Sources */ = {isa = PBXBuildFile; fileRef = 3EBB30BC3A53DAC4BF70B7BE /* HarmMissileEntity.swift */; };
		FE149B9875CAAEC930349665 /* EWJammingComponent.swift in Sources */ = {isa = PBXBuildFile; fileRef = 42E1C5B0D0A67BF2B9555FD8 /* EWJammingComponent.swift */; };
		FFF5B111B75E8D0D686450BB /* FireControlState.swift in Sources */ = {isa = PBXBuildFile; fileRef = 30DB3F8BACC96B363350118D /* FireControlState.swift */; };
/* End PBXBuildFile section */

/* Begin PBXContainerItemProxy section */
		E9873F8B2939344600302524 /* PBXContainerItemProxy */ = {
			isa = PBXContainerItemProxy;
			containerPortal = E9873F692939344500302524 /* Project object */;
			proxyType = 1;
			remoteGlobalIDString = E9873F702939344500302524;
			remoteInfo = PVOGame;
		};
		E9873F952939344600302524 /* PBXContainerItemProxy */ = {
			isa = PBXContainerItemProxy;
			containerPortal = E9873F692939344500302524 /* Project object */;
			proxyType = 1;
			remoteGlobalIDString = E9873F702939344500302524;
			remoteInfo = PVOGame;
		};
/* End PBXContainerItemProxy section */

/* Begin PBXFileReference section */
		08BEE18AD76CE2D878F0744E /* InPlaySKScene+DroneSpawning.swift */ = {isa = PBXFileReference; includeInIndex = 1; lastKnownFileType = sourcecode.swift; path = "InPlaySKScene+DroneSpawning.swift"; sourceTree = "<group>"; };
		0AC46726178361CF293B37DD /* EconomyManager.swift */ = {isa = PBXFileReference; includeInIndex = 1; lastKnownFileType = sourcecode.swift; path = EconomyManager.swift; sourceTree = "<group>"; };
		0C011B81159844D3C7B0449B /* MilitaryAidManager.swift */ = {isa = PBXFileReference; includeInIndex = 1; lastKnownFileType = sourcecode.swift; path = MilitaryAidManager.swift; sourceTree = "<group>"; };
		154227CFE8F456841C7DE947 /* FighterEntity.swift */ = {isa = PBXFileReference; includeInIndex = 1; lastKnownFileType = sourcecode.swift; path = FighterEntity.swift; sourceTree = "<group>"; };
		1E146F79F31B3C66E5D69ADC /* CruiseMissileEntity.swift */ = {isa = PBXFileReference; includeInIndex = 1; lastKnownFileType = sourcecode.swift; path = CruiseMissileEntity.swift; sourceTree = "<group>"; };
		25E9B506C99B4585BE5AD97A /* TowerSynergyManager.swift */ = {isa = PBXFileReference; includeInIndex = 1; lastKnownFileType = sourcecode.swift; path = TowerSynergyManager.swift; sourceTree = "<group>"; };
		30119FBCFF5EA73AE60E8F3A /* TowerEntity.swift */ = {isa = PBXFileReference; includeInIndex = 1; lastKnownFileType = sourcecode.swift; path = TowerEntity.swift; sourceTree = "<group>"; };
		30DB3F8BACC96B363350118D /* FireControlState.swift */ = {isa = PBXFileReference; includeInIndex = 1; lastKnownFileType = sourcecode.swift; path = FireControlState.swift; sourceTree = "<group>"; };
		325D875BD641413BA6D78230 /* TowerRotationComponent.swift */ = {isa = PBXFileReference; includeInIndex = 1; lastKnownFileType = sourcecode.swift; path = TowerRotationComponent.swift; sourceTree = "<group>"; };
		3A3FAC8A0B193A071848231B /* AnimationTextureCache.swift */ = {isa = PBXFileReference; includeInIndex = 1; lastKnownFileType = sourcecode.swift; path = AnimationTextureCache.swift; sourceTree = "<group>"; };
		3BE2C3DA3DFC623DED35C43E /* ConveyorBeltManager.swift */ = {isa = PBXFileReference; includeInIndex = 1; lastKnownFileType = sourcecode.swift; path = ConveyorBeltManager.swift; sourceTree = "<group>"; };
		3EBB30BC3A53DAC4BF70B7BE /* HarmMissileEntity.swift */ = {isa = PBXFileReference; includeInIndex = 1; lastKnownFileType = sourcecode.swift; path = HarmMissileEntity.swift; sourceTree = "<group>"; };
		40491258680FF407F42A4C77 /* InPlaySKScene+GameEvents.swift */ = {isa = PBXFileReference; includeInIndex = 1; lastKnownFileType = sourcecode.swift; path = "InPlaySKScene+GameEvents.swift"; sourceTree = "<group>"; };
		42E1C5B0D0A67BF2B9555FD8 /* EWJammingComponent.swift */ = {isa = PBXFileReference; includeInIndex = 1; lastKnownFileType = sourcecode.swift; path = EWJammingComponent.swift; sourceTree = "<group>"; };
		45D7F4B210E795096BD2E49B /* InGameSettingsMenu.swift */ = {isa = PBXFileReference; includeInIndex = 1; lastKnownFileType = sourcecode.swift; path = InGameSettingsMenu.swift; sourceTree = "<group>"; };
		483A5CB80C901133E62EF9CB /* DroneFlightPath.swift */ = {isa = PBXFileReference; includeInIndex = 1; lastKnownFileType = sourcecode.swift; path = DroneFlightPath.swift; sourceTree = "<group>"; };
		4F78C1EF5EB59582A3C456C5 /* GridPositionComponent.swift */ = {isa = PBXFileReference; includeInIndex = 1; lastKnownFileType = sourcecode.swift; path = GridPositionComponent.swift; sourceTree = "<group>"; };
		514676C120CBC4EE4FFD7EEF /* MineLayerDroneEntity.swift */ = {isa = PBXFileReference; includeInIndex = 1; lastKnownFileType = sourcecode.swift; path = MineLayerDroneEntity.swift; sourceTree = "<group>"; };
		5E5BC2AACB1DCD6013A68D68 /* RocketEntity.swift */ = {isa = PBXFileReference; includeInIndex = 1; lastKnownFileType = sourcecode.swift; path = RocketEntity.swift; sourceTree = "<group>"; };
		5F0C6F9E411DB41A419A36AC /* OrlanDroneEntity.swift */ = {isa = PBXFileReference; includeInIndex = 1; lastKnownFileType = sourcecode.swift; path = OrlanDroneEntity.swift; sourceTree = "<group>"; };
		602446D8463333F1C8470BCA /* CampaignManager.swift */ = {isa = PBXFileReference; includeInIndex = 1; lastKnownFileType = sourcecode.swift; path = CampaignManager.swift; sourceTree = "<group>"; };
		6653B71D2849E72FAC6A5DB8 /* TowerAnimationComponent.swift */ = {isa = PBXFileReference; includeInIndex = 1; lastKnownFileType = sourcecode.swift; path = TowerAnimationComponent.swift; sourceTree = "<group>"; };
		685BEF6E407B503488D8EA60 /* TowerTargetingComponent.swift */ = {isa = PBXFileReference; includeInIndex = 1; lastKnownFileType = sourcecode.swift; path = TowerTargetingComponent.swift; sourceTree = "<group>"; };
		703CCE9D1A35A6D5155D4A45 /* ShahedDroneEntity.swift */ = {isa = PBXFileReference; includeInIndex = 1; lastKnownFileType = sourcecode.swift; path = ShahedDroneEntity.swift; sourceTree = "<group>"; };
		72B1839A1A1701FB46CA5B4B /* LevelDefinition.swift */ = {isa = PBXFileReference; includeInIndex = 1; lastKnownFileType = sourcecode.swift; path = LevelDefinition.swift; sourceTree = "<group>"; };
		730B3560840256CE1DCC1AB5 /* ShadowComponent.swift */ = {isa = PBXFileReference; includeInIndex = 1; lastKnownFileType = sourcecode.swift; path = ShadowComponent.swift; sourceTree = "<group>"; };
		7F9E676C9F055079CF3B2F88 /* EWDroneEntity.swift */ = {isa = PBXFileReference; includeInIndex = 1; lastKnownFileType = sourcecode.swift; path = EWDroneEntity.swift; sourceTree = "<group>"; };
		84BE006ABDF7265596BBC8C0 /* TowerPlacementManager.swift */ = {isa = PBXFileReference; includeInIndex = 1; lastKnownFileType = sourcecode.swift; path = TowerPlacementManager.swift; sourceTree = "<group>"; };
		8733782335164078D672CC11 /* SettlementManager.swift */ = {isa = PBXFileReference; includeInIndex = 1; lastKnownFileType = sourcecode.swift; path = SettlementManager.swift; sourceTree = "<group>"; };
		89E80557A39812CE1D8D89EF /* AbilityButton.swift */ = {isa = PBXFileReference; includeInIndex = 1; lastKnownFileType = sourcecode.swift; path = AbilityButton.swift; sourceTree = "<group>"; };
		902D73B41BE26B7D6A98F648 /* MineBombEntity.swift */ = {isa = PBXFileReference; includeInIndex = 1; lastKnownFileType = sourcecode.swift; path = MineBombEntity.swift; sourceTree = "<group>"; };
		9AFA161635E8B5D30162FEFB /* InPlaySKScene+TouchHandling.swift */ = {isa = PBXFileReference; includeInIndex = 1; lastKnownFileType = sourcecode.swift; path = "InPlaySKScene+TouchHandling.swift"; sourceTree = "<group>"; };
		A3619EA960005F014CAFE3D9 /* EnemyMissileEntity.swift */ = {isa = PBXFileReference; includeInIndex = 1; lastKnownFileType = sourcecode.swift; path = EnemyMissileEntity.swift; sourceTree = "<group>"; };
		A3D522EBC1D29A42138FB62C /* EWTowerComponent.swift */ = {isa = PBXFileReference; includeInIndex = 1; lastKnownFileType = sourcecode.swift; path = EWTowerComponent.swift; sourceTree = "<group>"; };
		A70EFF6AD3C75BA7832ECDA9 /* SettlementEntity.swift */ = {isa = PBXFileReference; includeInIndex = 1; lastKnownFileType = sourcecode.swift; path = SettlementEntity.swift; sourceTree = "<group>"; };
		AA92ED7AC641FBA9FB1297FE /* AbilityManager.swift */ = {isa = PBXFileReference; includeInIndex = 1; lastKnownFileType = sourcecode.swift; path = AbilityManager.swift; sourceTree = "<group>"; };
		B16310071E0D99CD242F3D4C /* AltitudeComponent.swift */ = {isa = PBXFileReference; includeInIndex = 1; lastKnownFileType = sourcecode.swift; path = AltitudeComponent.swift; sourceTree = "<group>"; };
		B9212DDE097E52FC9EFC5DDB /* InPlaySKScene+FireControl.swift */ = {isa = PBXFileReference; includeInIndex = 1; lastKnownFileType = sourcecode.swift; path = "InPlaySKScene+FireControl.swift"; sourceTree = "<group>"; };
		BDC906FD4B5C422C77FA69DD /* InPlaySKScene+HUD.swift */ = {isa = PBXFileReference; includeInIndex = 1; lastKnownFileType = sourcecode.swift; path = "InPlaySKScene+HUD.swift"; sourceTree = "<group>"; };
		C075363E2C5B5B7E074DCF6C /* WaveManager.swift */ = {isa = PBXFileReference; includeInIndex = 1; lastKnownFileType = sourcecode.swift; path = WaveManager.swift; sourceTree = "<group>"; };
		CC73A0E5DDD9738F5CEF68A5 /* SwarmCloudEntity.swift */ = {isa = PBXFileReference; includeInIndex = 1; lastKnownFileType = sourcecode.swift; path = SwarmCloudEntity.swift; sourceTree = "<group>"; };
		D1201DE8A1BA821E67CA7E89 /* TowerType.swift */ = {isa = PBXFileReference; includeInIndex = 1; lastKnownFileType = sourcecode.swift; path = TowerType.swift; sourceTree = "<group>"; };
		D349281A822100EECF8A65AB /* HeavyDroneEntity.swift */ = {isa = PBXFileReference; includeInIndex = 1; lastKnownFileType = sourcecode.swift; path = HeavyDroneEntity.swift; sourceTree = "<group>"; };
		D4ABCC28809A323C5E9420ED /* SettingsButton.swift */ = {isa = PBXFileReference; includeInIndex = 1; lastKnownFileType = sourcecode.swift; path = SettingsButton.swift; sourceTree = "<group>"; };
		DD78F146D97E5B42B351A96D /* KamikazeDroneEntity.swift */ = {isa = PBXFileReference; includeInIndex = 1; lastKnownFileType = sourcecode.swift; path = KamikazeDroneEntity.swift; sourceTree = "<group>"; };
		E4299EB6A8BEECB92237DDB3 /* InPlaySKScene+GameFlow.swift */ = {isa = PBXFileReference; includeInIndex = 1; lastKnownFileType = sourcecode.swift; path = "InPlaySKScene+GameFlow.swift"; sourceTree = "<group>"; };
		E71FAB42C1106B2813C5073D /* InPlaySKScene+Settings.swift */ = {isa = PBXFileReference; includeInIndex = 1; lastKnownFileType = sourcecode.swift; path = "InPlaySKScene+Settings.swift"; sourceTree = "<group>"; };
		E9356F7B2948A6A6005BC143 /* Direction.swift */ = {isa = PBXFileReference; lastKnownFileType = sourcecode.swift; path = Direction.swift; sourceTree = "<group>"; };
		E9356FFC2959A564005BC143 /* ShootComponent.swift */ = {isa = PBXFileReference; lastKnownFileType = sourcecode.swift; path = ShootComponent.swift; sourceTree = "<group>"; };
		E95511BC293A05FD000137C6 /* BulletEntity.swift */ = {isa = PBXFileReference; lastKnownFileType = sourcecode.swift; path = BulletEntity.swift; sourceTree = "<group>"; };
		E95511BF293A069C000137C6 /* Shell.swift */ = {isa = PBXFileReference; lastKnownFileType = sourcecode.swift; path = Shell.swift; sourceTree = "<group>"; };
		E95511C2293A45E6000137C6 /* GeometryComponent.swift */ = {isa = PBXFileReference; lastKnownFileType = sourcecode.swift; path = GeometryComponent.swift; sourceTree = "<group>"; };
		E95511C4293A6255000137C6 /* PlayerControlComponent.swift */ = {isa = PBXFileReference; lastKnownFileType = sourcecode.swift; path = PlayerControlComponent.swift; sourceTree = "<group>"; };
		E95511C8293A7340000137C6 /* Assets.xcassets */ = {isa = PBXFileReference; lastKnownFileType = folder.assetcatalog; path = Assets.xcassets; sourceTree = "<group>"; };
		E95511CA293B459F000137C6 /* GunEntity.swift */ = {isa = PBXFileReference; lastKnownFileType = sourcecode.swift; path = GunEntity.swift; sourceTree = "<group>"; };
		E95511CC293B5650000137C6 /* SpriteComponent.swift */ = {isa = PBXFileReference; lastKnownFileType = sourcecode.swift; path = SpriteComponent.swift; sourceTree = "<group>"; };
		E95511D3293D0E72000137C6 /* InPlaySKScene.swift */ = {isa = PBXFileReference; lastKnownFileType = sourcecode.swift; path = InPlaySKScene.swift; sourceTree = "<group>"; };
		E9551214293E5A04000137C6 /* RotationComponent.swift */ = {isa = PBXFileReference; lastKnownFileType = sourcecode.swift; path = RotationComponent.swift; sourceTree = "<group>"; };
		E96D79F22964623500D47A57 /* FlyingProjectile.swift */ = {isa = PBXFileReference; lastKnownFileType = sourcecode.swift; path = FlyingProjectile.swift; sourceTree = "<group>"; };
		E96D79F4296474C400D47A57 /* AttackDroneEntity.swift */ = {isa = PBXFileReference; lastKnownFileType = sourcecode.swift; path = AttackDroneEntity.swift; sourceTree = "<group>"; };
		E96D79F82964BA4700D47A57 /* FlyingProjectileComponent.swift */ = {isa = PBXFileReference; lastKnownFileType = sourcecode.swift; path = FlyingProjectileComponent.swift; sourceTree = "<group>"; };
		E96D79FA29657F2400D47A57 /* FlyingPath.swift */ = {isa = PBXFileReference; lastKnownFileType = sourcecode.swift; path = FlyingPath.swift; sourceTree = "<group>"; };
		E9731FEB29BDC96100BD198A /* Constants.swift */ = {isa = PBXFileReference; lastKnownFileType = sourcecode.swift; path = Constants.swift; sourceTree = "<group>"; };
		E9731FEE29BDD3F000BD198A /* MenuButton.swift */ = {isa = PBXFileReference; lastKnownFileType = sourcecode.swift; path = MenuButton.swift; sourceTree = "<group>"; };
		E9731FF029BDDB7D00BD198A /* SpriteKitNodeExtension.swift */ = {isa = PBXFileReference; lastKnownFileType = sourcecode.swift; path = SpriteKitNodeExtension.swift; sourceTree = "<group>"; };
		E9731FF229BDE17A00BD198A /* ExitMenu.swift */ = {isa = PBXFileReference; lastKnownFileType = sourcecode.swift; path = ExitMenu.swift; sourceTree = "<group>"; };
		E9731FF529BE4AEA00BD198A /* WeaponCell.swift */ = {isa = PBXFileReference; lastKnownFileType = sourcecode.swift; path = WeaponCell.swift; sourceTree = "<group>"; };
		E9731FF729BE4E4500BD198A /* UIImage.swift */ = {isa = PBXFileReference; lastKnownFileType = sourcecode.swift; path = UIImage.swift; sourceTree = "<group>"; };
		E9731FF929BE5A6600BD198A /* UIView.swift */ = {isa = PBXFileReference; lastKnownFileType = sourcecode.swift; path = UIView.swift; sourceTree = "<group>"; };
		E9731FFB29BF08D400BD198A /* WeaponRow.swift */ = {isa = PBXFileReference; lastKnownFileType = sourcecode.swift; path = WeaponRow.swift; sourceTree = "<group>"; };
		E9731FFE29BF75BF00BD198A /* PistolGun.swift */ = {isa = PBXFileReference; lastKnownFileType = sourcecode.swift; path = PistolGun.swift; sourceTree = "<group>"; };
		E973200029BF818600BD198A /* MiniGun.swift */ = {isa = PBXFileReference; lastKnownFileType = sourcecode.swift; path = MiniGun.swift; sourceTree = "<group>"; };
		E973200329BF8D3D00BD198A /* CollisionDetectedInGame.swift */ = {isa = PBXFileReference; lastKnownFileType = sourcecode.swift; path = CollisionDetectedInGame.swift; sourceTree = "<group>"; };
		E9873F712939344500302524 /* PVOGame.app */ = {isa = PBXFileReference; explicitFileType = wrapper.application; includeInIndex = 0; path = PVOGame.app; sourceTree = BUILT_PRODUCTS_DIR; };
		E9873F742939344500302524 /* AppDelegate.swift */ = {isa = PBXFileReference; lastKnownFileType = sourcecode.swift; path = AppDelegate.swift; sourceTree = "<group>"; };
		E9873F7C2939344500302524 /* GameViewController.swift */ = {isa = PBXFileReference; lastKnownFileType = sourcecode.swift; path = GameViewController.swift; sourceTree = "<group>"; };
		E9873F8A2939344600302524 /* PVOGameTests.xctest */ = {isa = PBXFileReference; explicitFileType = wrapper.cfbundle; includeInIndex = 0; path = PVOGameTests.xctest; sourceTree = BUILT_PRODUCTS_DIR; };
		E9873F8E2939344600302524 /* PVOGameTests.swift */ = {isa = PBXFileReference; lastKnownFileType = sourcecode.swift; path = PVOGameTests.swift; sourceTree = "<group>"; };
		E9873F942939344600302524 /* PVOGameUITests.xctest */ = {isa = PBXFileReference; explicitFileType = wrapper.cfbundle; includeInIndex = 0; path = PVOGameUITests.xctest; sourceTree = BUILT_PRODUCTS_DIR; };
		E9873F982939344600302524 /* PVOGameUITests.swift */ = {isa = PBXFileReference; lastKnownFileType = sourcecode.swift; path = PVOGameUITests.swift; sourceTree = "<group>"; };
		E9873F9A2939344600302524 /* PVOGameUITestsLaunchTests.swift */ = {isa = PBXFileReference; lastKnownFileType = sourcecode.swift; path = PVOGameUITestsLaunchTests.swift; sourceTree = "<group>"; };
		E9873FA72939E98900302524 /* UIView_Pin.swift */ = {isa = PBXFileReference; fileEncoding = 4; lastKnownFileType = sourcecode.swift; path = UIView_Pin.swift; sourceTree = "<group>"; };
		E9BC12B129C0D93200BAC76F /* DickGun.swift */ = {isa = PBXFileReference; lastKnownFileType = sourcecode.swift; path = DickGun.swift; sourceTree = "<group>"; };
		EDE79B0995E5C5B5360EFADA /* TowerStatsComponent.swift */ = {isa = PBXFileReference; includeInIndex = 1; lastKnownFileType = sourcecode.swift; path = TowerStatsComponent.swift; sourceTree = "<group>"; };
		F5370C041DACB6C0053E400B /* GridMap.swift */ = {isa = PBXFileReference; includeInIndex = 1; lastKnownFileType = sourcecode.swift; path = GridMap.swift; sourceTree = "<group>"; };
		F7FFB66BE84B0031D87EF779 /* LancetDroneEntity.swift */ = {isa = PBXFileReference; includeInIndex = 1; lastKnownFileType = sourcecode.swift; path = LancetDroneEntity.swift; sourceTree = "<group>"; };
		FB8749211852EB32CA46058D /* InPlaySKScene+Effects.swift */ = {isa = PBXFileReference; includeInIndex = 1; lastKnownFileType = sourcecode.swift; path = "InPlaySKScene+Effects.swift"; sourceTree = "<group>"; };
/* End PBXFileReference section */

/* Begin PBXFrameworksBuildPhase section */
		E9873F6E2939344500302524 /* Frameworks */ = {
			isa = PBXFrameworksBuildPhase;
			buildActionMask = 2147483647;
			files = (
			);
			runOnlyForDeploymentPostprocessing = 0;
		};
		E9873F872939344600302524 /* Frameworks */ = {
			isa = PBXFrameworksBuildPhase;
			buildActionMask = 2147483647;
			files = (
			);
			runOnlyForDeploymentPostprocessing = 0;
		};
		E9873F912939344600302524 /* Frameworks */ = {
			isa = PBXFrameworksBuildPhase;
			buildActionMask = 2147483647;
			files = (
			);
			runOnlyForDeploymentPostprocessing = 0;
		};
/* End PBXFrameworksBuildPhase section */

/* Begin PBXGroup section */
		118C5CCA54EF4FE7B3CAFF5E /* Models */ = {
			isa = PBXGroup;
			children = (
				30119FBCFF5EA73AE60E8F3A /* TowerEntity.swift */,
			);
			name = Models;
			path = Models;
			sourceTree = "<group>";
		};
		19F5AD15B93876136C5BD5EF /* Managers */ = {
			isa = PBXGroup;
			children = (
				30DB3F8BACC96B363350118D /* FireControlState.swift */,
				0AC46726178361CF293B37DD /* EconomyManager.swift */,
				C075363E2C5B5B7E074DCF6C /* WaveManager.swift */,
				84BE006ABDF7265596BBC8C0 /* TowerPlacementManager.swift */,
				AA92ED7AC641FBA9FB1297FE /* AbilityManager.swift */,
				0C011B81159844D3C7B0449B /* MilitaryAidManager.swift */,
				25E9B506C99B4585BE5AD97A /* TowerSynergyManager.swift */,
				602446D8463333F1C8470BCA /* CampaignManager.swift */,
				3BE2C3DA3DFC623DED35C43E /* ConveyorBeltManager.swift */,
				8733782335164078D672CC11 /* SettlementManager.swift */,
			);
			name = Managers;
			path = Managers;
			sourceTree = "<group>";
		};
		25CB9F7F12441AC2425B2751 /* Levels */ = {
			isa = PBXGroup;
			children = (
				72B1839A1A1701FB46CA5B4B /* LevelDefinition.swift */,
			);
			name = Levels;
			path = Levels;
			sourceTree = "<group>";
		};
		502369391CC0F9FFC3520774 /* Components */ = {
			isa = PBXGroup;
			children = (
				B16310071E0D99CD242F3D4C /* AltitudeComponent.swift */,
				730B3560840256CE1DCC1AB5 /* ShadowComponent.swift */,
				4F78C1EF5EB59582A3C456C5 /* GridPositionComponent.swift */,
				EDE79B0995E5C5B5360EFADA /* TowerStatsComponent.swift */,
				685BEF6E407B503488D8EA60 /* TowerTargetingComponent.swift */,
				325D875BD641413BA6D78230 /* TowerRotationComponent.swift */,
			);
			name = Components;
			path = Components;
			sourceTree = "<group>";
		};
		50C7186672D6E30FE5A522DF /* UI */ = {
			isa = PBXGroup;
			children = (
				89E80557A39812CE1D8D89EF /* AbilityButton.swift */,
				D4ABCC28809A323C5E9420ED /* SettingsButton.swift */,
				45D7F4B210E795096BD2E49B /* InGameSettingsMenu.swift */,
			);
			name = UI;
			path = UI;
			sourceTree = "<group>";
		};
		59E8E05C95CD2C2F6837D10D /* Grid */ = {
			isa = PBXGroup;
			children = (
				F5370C041DACB6C0053E400B /* GridMap.swift */,
				483A5CB80C901133E62EF9CB /* DroneFlightPath.swift */,
			);
			name = Grid;
			path = Grid;
			sourceTree = "<group>";
		};
		E9356F7A2948A68E005BC143 /* Enums */ = {
			isa = PBXGroup;
			children = (
				E9356F7B2948A6A6005BC143 /* Direction.swift */,
				D1201DE8A1BA821E67CA7E89 /* TowerType.swift */,
			);
			path = Enums;
			sourceTree = "<group>";
		};
		E95511BE293A0619000137C6 /* Models */ = {
			isa = PBXGroup;
			children = (
				E95511BC293A05FD000137C6 /* BulletEntity.swift */,
				E95511BF293A069C000137C6 /* Shell.swift */,
				E95511CA293B459F000137C6 /* GunEntity.swift */,
				E96D79F22964623500D47A57 /* FlyingProjectile.swift */,
				E96D79F4296474C400D47A57 /* AttackDroneEntity.swift */,
				E96D79FA29657F2400D47A57 /* FlyingPath.swift */,
				A3619EA960005F014CAFE3D9 /* EnemyMissileEntity.swift */,
				3EBB30BC3A53DAC4BF70B7BE /* HarmMissileEntity.swift */,
				DD78F146D97E5B42B351A96D /* KamikazeDroneEntity.swift */,
				7F9E676C9F055079CF3B2F88 /* EWDroneEntity.swift */,
				D349281A822100EECF8A65AB /* HeavyDroneEntity.swift */,
				1E146F79F31B3C66E5D69ADC /* CruiseMissileEntity.swift */,
				CC73A0E5DDD9738F5CEF68A5 /* SwarmCloudEntity.swift */,
				154227CFE8F456841C7DE947 /* FighterEntity.swift */,
				703CCE9D1A35A6D5155D4A45 /* ShahedDroneEntity.swift */,
				F7FFB66BE84B0031D87EF779 /* LancetDroneEntity.swift */,
				5F0C6F9E411DB41A419A36AC /* OrlanDroneEntity.swift */,
				A70EFF6AD3C75BA7832ECDA9 /* SettlementEntity.swift */,
				5E5BC2AACB1DCD6013A68D68 /* RocketEntity.swift */,
				902D73B41BE26B7D6A98F648 /* MineBombEntity.swift */,
				514676C120CBC4EE4FFD7EEF /* MineLayerDroneEntity.swift */,
			);
			path = Models;
			sourceTree = "<group>";
		};
		E95511C1293A361E000137C6 /* Components */ = {
			isa = PBXGroup;
			children = (
				E95511C2293A45E6000137C6 /* GeometryComponent.swift */,
				E95511C4293A6255000137C6 /* PlayerControlComponent.swift */,
				E95511CC293B5650000137C6 /* SpriteComponent.swift */,
				E9551214293E5A04000137C6 /* RotationComponent.swift */,
				E9356FFC2959A564005BC143 /* ShootComponent.swift */,
				E96D79F82964BA4700D47A57 /* FlyingProjectileComponent.swift */,
				42E1C5B0D0A67BF2B9555FD8 /* EWJammingComponent.swift */,
				A3D522EBC1D29A42138FB62C /* EWTowerComponent.swift */,
				3A3FAC8A0B193A071848231B /* AnimationTextureCache.swift */,
				6653B71D2849E72FAC6A5DB8 /* TowerAnimationComponent.swift */,
			);
			path = Components;
			sourceTree = "<group>";
		};
		E95511CE293B6671000137C6 /* Scenes */ = {
			isa = PBXGroup;
			children = (
				E95511D3293D0E72000137C6 /* InPlaySKScene.swift */,
				40491258680FF407F42A4C77 /* InPlaySKScene+GameEvents.swift */,
				9AFA161635E8B5D30162FEFB /* InPlaySKScene+TouchHandling.swift */,
				BDC906FD4B5C422C77FA69DD /* InPlaySKScene+HUD.swift */,
				E71FAB42C1106B2813C5073D /* InPlaySKScene+Settings.swift */,
				E4299EB6A8BEECB92237DDB3 /* InPlaySKScene+GameFlow.swift */,
				08BEE18AD76CE2D878F0744E /* InPlaySKScene+DroneSpawning.swift */,
				FB8749211852EB32CA46058D /* InPlaySKScene+Effects.swift */,
				B9212DDE097E52FC9EFC5DDB /* InPlaySKScene+FireControl.swift */,
			);
			path = Scenes;
			sourceTree = "<group>";
		};
		E96D79FC2966F98F00D47A57 /* Extensions */ = {
			isa = PBXGroup;
			children = (
				E9873FA72939E98900302524 /* UIView_Pin.swift */,
				E9731FF029BDDB7D00BD198A /* SpriteKitNodeExtension.swift */,
				E9731FF729BE4E4500BD198A /* UIImage.swift */,
				E9731FF929BE5A6600BD198A /* UIView.swift */,
			);
			path = Extensions;
			sourceTree = "<group>";
		};
		E9731FED29BDD35100BD198A /* GameplayViews */ = {
			isa = PBXGroup;
			children = (
				E9731FEE29BDD3F000BD198A /* MenuButton.swift */,
				E9731FF229BDE17A00BD198A /* ExitMenu.swift */,
			);
			path = GameplayViews;
			sourceTree = "<group>";
		};
		E9731FF429BE4A2B00BD198A /* MainMenu */ = {
			isa = PBXGroup;
			children = (
				E9731FF529BE4AEA00BD198A /* WeaponCell.swift */,
				E9731FFB29BF08D400BD198A /* WeaponRow.swift */,
			);
			path = MainMenu;
			sourceTree = "<group>";
		};
		E9731FFD29BF759F00BD198A /* Guns */ = {
			isa = PBXGroup;
			children = (
				E9731FFE29BF75BF00BD198A /* PistolGun.swift */,
				E973200029BF818600BD198A /* MiniGun.swift */,
				E9BC12B129C0D93200BAC76F /* DickGun.swift */,
			);
			path = Guns;
			sourceTree = "<group>";
		};
		E973200229BF8CFD00BD198A /* CollisionDetection */ = {
			isa = PBXGroup;
			children = (
				E973200329BF8D3D00BD198A /* CollisionDetectedInGame.swift */,
			);
			path = CollisionDetection;
			sourceTree = "<group>";
		};
		E9873F682939344500302524 = {
			isa = PBXGroup;
			children = (
				E9873F732939344500302524 /* PVOGame */,
				E9873F8D2939344600302524 /* PVOGameTests */,
				E9873F972939344600302524 /* PVOGameUITests */,
				E9873F722939344500302524 /* Products */,
			);
			sourceTree = "<group>";
		};
		E9873F722939344500302524 /* Products */ = {
			isa = PBXGroup;
			children = (
				E9873F712939344500302524 /* PVOGame.app */,
				E9873F8A2939344600302524 /* PVOGameTests.xctest */,
				E9873F942939344600302524 /* PVOGameUITests.xctest */,
			);
			name = Products;
			sourceTree = "<group>";
		};
		E9873F732939344500302524 /* PVOGame */ = {
			isa = PBXGroup;
			children = (
				E973200229BF8CFD00BD198A /* CollisionDetection */,
				E9731FFD29BF759F00BD198A /* Guns */,
				E9731FF429BE4A2B00BD198A /* MainMenu */,
				E9731FED29BDD35100BD198A /* GameplayViews */,
				E96D79FC2966F98F00D47A57 /* Extensions */,
				E9356F7A2948A68E005BC143 /* Enums */,
				E95511CE293B6671000137C6 /* Scenes */,
				E95511C1293A361E000137C6 /* Components */,
				E95511BE293A0619000137C6 /* Models */,
				E9873F742939344500302524 /* AppDelegate.swift */,
				E9873F7C2939344500302524 /* GameViewController.swift */,
				E95511C8293A7340000137C6 /* Assets.xcassets */,
				E9731FEB29BDC96100BD198A /* Constants.swift */,
				59E8E05C95CD2C2F6837D10D /* Grid */,
				25CB9F7F12441AC2425B2751 /* Levels */,
				19F5AD15B93876136C5BD5EF /* Managers */,
				502369391CC0F9FFC3520774 /* Components */,
				118C5CCA54EF4FE7B3CAFF5E /* Models */,
				50C7186672D6E30FE5A522DF /* UI */,
			);
			path = PVOGame;
			sourceTree = "<group>";
		};
		E9873F8D2939344600302524 /* PVOGameTests */ = {
			isa = PBXGroup;
			children = (
				E9873F8E2939344600302524 /* PVOGameTests.swift */,
			);
			path = PVOGameTests;
			sourceTree = "<group>";
		};
		E9873F972939344600302524 /* PVOGameUITests */ = {
			isa = PBXGroup;
			children = (
				E9873F982939344600302524 /* PVOGameUITests.swift */,
				E9873F9A2939344600302524 /* PVOGameUITestsLaunchTests.swift */,
			);
			path = PVOGameUITests;
			sourceTree = "<group>";
		};
/* End PBXGroup section */

/* Begin PBXNativeTarget section */
		E9873F702939344500302524 /* PVOGame */ = {
			isa = PBXNativeTarget;
			buildConfigurationList = E9873F9E2939344600302524 /* Build configuration list for PBXNativeTarget "PVOGame" */;
			buildPhases = (
				E9873F6D2939344500302524 /* Sources */,
				E9873F6E2939344500302524 /* Frameworks */,
				E9873F6F2939344500302524 /* Resources */,
			);
			buildRules = (
			);
			dependencies = (
			);
			name = PVOGame;
			productName = PVOGame;
			productReference = E9873F712939344500302524 /* PVOGame.app */;
			productType = "com.apple.product-type.application";
		};
		E9873F892939344600302524 /* PVOGameTests */ = {
			isa = PBXNativeTarget;
			buildConfigurationList = E9873FA12939344600302524 /* Build configuration list for PBXNativeTarget "PVOGameTests" */;
			buildPhases = (
				E9873F862939344600302524 /* Sources */,
				E9873F872939344600302524 /* Frameworks */,
				E9873F882939344600302524 /* Resources */,
			);
			buildRules = (
			);
			dependencies = (
				E9873F8C2939344600302524 /* PBXTargetDependency */,
			);
			name = PVOGameTests;
			productName = PVOGameTests;
			productReference = E9873F8A2939344600302524 /* PVOGameTests.xctest */;
			productType = "com.apple.product-type.bundle.unit-test";
		};
		E9873F932939344600302524 /* PVOGameUITests */ = {
			isa = PBXNativeTarget;
			buildConfigurationList = E9873FA42939344600302524 /* Build configuration list for PBXNativeTarget "PVOGameUITests" */;
			buildPhases = (
				E9873F902939344600302524 /* Sources */,
				E9873F912939344600302524 /* Frameworks */,
				E9873F922939344600302524 /* Resources */,
			);
			buildRules = (
			);
			dependencies = (
				E9873F962939344600302524 /* PBXTargetDependency */,
			);
			name = PVOGameUITests;
			productName = PVOGameUITests;
			productReference = E9873F942939344600302524 /* PVOGameUITests.xctest */;
			productType = "com.apple.product-type.bundle.ui-testing";
		};
/* End PBXNativeTarget section */

/* Begin PBXProject section */
		E9873F692939344500302524 /* Project object */ = {
			isa = PBXProject;
			attributes = {
				BuildIndependentTargetsInParallel = 1;
				LastSwiftUpdateCheck = 1340;
				LastUpgradeCheck = 1340;
				TargetAttributes = {
					E9873F702939344500302524 = {
						CreatedOnToolsVersion = 13.4.1;
					};
					E9873F892939344600302524 = {
						CreatedOnToolsVersion = 13.4.1;
						TestTargetID = E9873F702939344500302524;
					};
					E9873F932939344600302524 = {
						CreatedOnToolsVersion = 13.4.1;
						TestTargetID = E9873F702939344500302524;
					};
				};
			};
			buildConfigurationList = E9873F6C2939344500302524 /* Build configuration list for PBXProject "PVOGame" */;
			compatibilityVersion = "Xcode 13.0";
			developmentRegion = en;
			hasScannedForEncodings = 0;
			knownRegions = (
				en,
				Base,
			);
			mainGroup = E9873F682939344500302524;
			productRefGroup = E9873F722939344500302524 /* Products */;
			projectDirPath = "";
			projectRoot = "";
			targets = (
				E9873F702939344500302524 /* PVOGame */,
				E9873F892939344600302524 /* PVOGameTests */,
				E9873F932939344600302524 /* PVOGameUITests */,
			);
		};
/* End PBXProject section */

/* Begin PBXResourcesBuildPhase section */
		E9873F6F2939344500302524 /* Resources */ = {
			isa = PBXResourcesBuildPhase;
			buildActionMask = 2147483647;
			files = (
				E95511C9293A7341000137C6 /* Assets.xcassets in Resources */,
			);
			runOnlyForDeploymentPostprocessing = 0;
		};
		E9873F882939344600302524 /* Resources */ = {
			isa = PBXResourcesBuildPhase;
			buildActionMask = 2147483647;
			files = (
			);
			runOnlyForDeploymentPostprocessing = 0;
		};
		E9873F922939344600302524 /* Resources */ = {
			isa = PBXResourcesBuildPhase;
			buildActionMask = 2147483647;
			files = (
			);
			runOnlyForDeploymentPostprocessing = 0;
		};
/* End PBXResourcesBuildPhase section */

/* Begin PBXSourcesBuildPhase section */
		E9873F6D2939344500302524 /* Sources */ = {
			isa = PBXSourcesBuildPhase;
			buildActionMask = 2147483647;
			files = (
				E9731FFF29BF75BF00BD198A /* PistolGun.swift in Sources */,
				E9731FFC29BF08D400BD198A /* WeaponRow.swift in Sources */,
				E95511C5293A6255000137C6 /* PlayerControlComponent.swift in Sources */,
				E9731FEC29BDC96100BD198A /* Constants.swift in Sources */,
				E9356F7C2948A6A6005BC143 /* Direction.swift in Sources */,
				E9356FFD2959A564005BC143 /* ShootComponent.swift in Sources */,
				E973200429BF8D3D00BD198A /* CollisionDetectedInGame.swift in Sources */,
				E95511C0293A069C000137C6 /* Shell.swift in Sources */,
				E9731FF629BE4AEA00BD198A /* WeaponCell.swift in Sources */,
				E9731FF129BDDB7D00BD198A /* SpriteKitNodeExtension.swift in Sources */,
				E9731FEF29BDD3F000BD198A /* MenuButton.swift in Sources */,
				E95511CB293B459F000137C6 /* GunEntity.swift in Sources */,
				E95511C3293A45E6000137C6 /* GeometryComponent.swift in Sources */,
				E9731FF829BE4E4500BD198A /* UIImage.swift in Sources */,
				E96D79FB29657F2400D47A57 /* FlyingPath.swift in Sources */,
				E96D79F32964623500D47A57 /* FlyingProjectile.swift in Sources */,
				E973200129BF818600BD198A /* MiniGun.swift in Sources */,
				E9873F7D2939344500302524 /* GameViewController.swift in Sources */,
				E9551215293E5A04000137C6 /* RotationComponent.swift in Sources */,
				E9731FFA29BE5A6600BD198A /* UIView.swift in Sources */,
				E9731FF329BDE17A00BD198A /* ExitMenu.swift in Sources */,
				E95511CD293B5650000137C6 /* SpriteComponent.swift in Sources */,
				E96D79F92964BA4700D47A57 /* FlyingProjectileComponent.swift in Sources */,
				E95511BD293A05FD000137C6 /* BulletEntity.swift in Sources */,
				E9873FA82939E98900302524 /* UIView_Pin.swift in Sources */,
				E96D79F5296474C400D47A57 /* AttackDroneEntity.swift in Sources */,
				E9873F752939344500302524 /* AppDelegate.swift in Sources */,
				E9BC12B229C0D93200BAC76F /* DickGun.swift in Sources */,
				E95511D4293D0E72000137C6 /* InPlaySKScene.swift in Sources */,
				848313676039A5C56B482EC4 /* GridMap.swift in Sources */,
				DE827CD0133C20631EE5ECB5 /* DroneFlightPath.swift in Sources */,
				D34B8009409421E985CD36E3 /* LevelDefinition.swift in Sources */,
				FFF5B111B75E8D0D686450BB /* FireControlState.swift in Sources */,
				289E3B90C2A401CE1D3EF51A /* EconomyManager.swift in Sources */,
				B582FAB6E050507D4C495DFA /* WaveManager.swift in Sources */,
				34D036294A4909BB181B2C9A /* TowerPlacementManager.swift in Sources */,
				9975FDC0B5DDD3587194E9FB /* AltitudeComponent.swift in Sources */,
				EE3C41F0087C21F639F74984 /* ShadowComponent.swift in Sources */,
				667541F865B7F961E067D0A0 /* GridPositionComponent.swift in Sources */,
				691A771BFF5CE50294B49148 /* TowerStatsComponent.swift in Sources */,
				C9F3E25E7990769E95E0D64C /* TowerTargetingComponent.swift in Sources */,
				CCBCB79DCEA1327FF0B9562B /* TowerRotationComponent.swift in Sources */,
				DA730FEE84881832C0360DFC /* TowerEntity.swift in Sources */,
				79A0886C50AF7615663C1D9B /* EnemyMissileEntity.swift in Sources */,
				F307F65196D3217F749A6623 /* HarmMissileEntity.swift in Sources */,
				A4A6E1CB14564D043A7A1A23 /* KamikazeDroneEntity.swift in Sources */,
				018ED432CE3ABCDEF2EE1A09 /* EWDroneEntity.swift in Sources */,
				6AC30D2C94324BB50766453C /* HeavyDroneEntity.swift in Sources */,
				8117D7CD7C573AA2F49852BD /* CruiseMissileEntity.swift in Sources */,
				DB305973B7474676C7633779 /* SwarmCloudEntity.swift in Sources */,
				7710380A16E26668152F1351 /* FighterEntity.swift in Sources */,
				FE149B9875CAAEC930349665 /* EWJammingComponent.swift in Sources */,
				DB002D25F8E4889AC3276E95 /* EWTowerComponent.swift in Sources */,
				30E74BAA2637D734FEFBDA93 /* AbilityButton.swift in Sources */,
				107B032D61309B93264DB743 /* AbilityManager.swift in Sources */,
				94B68F3C46133AA22086A326 /* MilitaryAidManager.swift in Sources */,
				3E50CCDEAAE67AE778D830A6 /* ShahedDroneEntity.swift in Sources */,
				DDBC47F211B77CE6BC54EC74 /* LancetDroneEntity.swift in Sources */,
				B57152D34E9C3E67E997616F /* OrlanDroneEntity.swift in Sources */,
				A4D058169AE7BC53878D6758 /* TowerSynergyManager.swift in Sources */,
				61CB429A9B0AFF9FAC5C6864 /* CampaignManager.swift in Sources */,
				781F3B8C7039AEC0AC5F2722 /* ConveyorBeltManager.swift in Sources */,
				342D3B16227FFC7A8D050745 /* SettlementEntity.swift in Sources */,
				D51976B1A53E01028C4839ED /* SettlementManager.swift in Sources */,
				A312DC9661D94B247703231E /* AnimationTextureCache.swift in Sources */,
				205789F7DE5911602DECBE06 /* TowerAnimationComponent.swift in Sources */,
				9CFA430D048AB67ABC1C103C /* InPlaySKScene+GameEvents.swift in Sources */,
				B280DADDF52757CBFEBAE8FB /* SettingsButton.swift in Sources */,
				2A6ACA6D66AEE689FDDF1BB6 /* InGameSettingsMenu.swift in Sources */,
				06170ABA01AA15480E4B086F /* RocketEntity.swift in Sources */,
				C37855C4BDF2A174025C9F35 /* MineBombEntity.swift in Sources */,
				C2CE2BC7022FDC292355761E /* MineLayerDroneEntity.swift in Sources */,
				653124455752B01A2D0BD9A4 /* TowerType.swift in Sources */,
				896BAF4B3B60941BB5ABF426 /* InPlaySKScene+TouchHandling.swift in Sources */,
				D43AC718C7298C4F8965DCDA /* InPlaySKScene+HUD.swift in Sources */,
				90C127F3AE09076EFDD882AD /* InPlaySKScene+Settings.swift in Sources */,
				CC27C242C5CFCFDF462C8F33 /* InPlaySKScene+GameFlow.swift in Sources */,
				9303AA8725E2AA42AF5AEDBD /* InPlaySKScene+DroneSpawning.swift in Sources */,
				2D11E5EB6A300F45E626BF27 /* InPlaySKScene+Effects.swift in Sources */,
				9BB8E13C36C1BDDFFF177A9D /* InPlaySKScene+FireControl.swift in Sources */,
			);
			runOnlyForDeploymentPostprocessing = 0;
		};
		E9873F862939344600302524 /* Sources */ = {
			isa = PBXSourcesBuildPhase;
			buildActionMask = 2147483647;
			files = (
				E9873F8F2939344600302524 /* PVOGameTests.swift in Sources */,
			);
			runOnlyForDeploymentPostprocessing = 0;
		};
		E9873F902939344600302524 /* Sources */ = {
			isa = PBXSourcesBuildPhase;
			buildActionMask = 2147483647;
			files = (
				E9873F9B2939344600302524 /* PVOGameUITestsLaunchTests.swift in Sources */,
				E9873F992939344600302524 /* PVOGameUITests.swift in Sources */,
			);
			runOnlyForDeploymentPostprocessing = 0;
		};
/* End PBXSourcesBuildPhase section */

/* Begin PBXTargetDependency section */
		E9873F8C2939344600302524 /* PBXTargetDependency */ = {
			isa = PBXTargetDependency;
			target = E9873F702939344500302524 /* PVOGame */;
			targetProxy = E9873F8B2939344600302524 /* PBXContainerItemProxy */;
		};
		E9873F962939344600302524 /* PBXTargetDependency */ = {
			isa = PBXTargetDependency;
			target = E9873F702939344500302524 /* PVOGame */;
			targetProxy = E9873F952939344600302524 /* PBXContainerItemProxy */;
		};
/* End PBXTargetDependency section */

/* Begin XCBuildConfiguration section */
		E9873F9C2939344600302524 /* Debug */ = {
			isa = XCBuildConfiguration;
			buildSettings = {
				ALWAYS_SEARCH_USER_PATHS = NO;
				CLANG_ANALYZER_NONNULL = YES;
				CLANG_ANALYZER_NUMBER_OBJECT_CONVERSION = YES_AGGRESSIVE;
				CLANG_CXX_LANGUAGE_STANDARD = "gnu++17";
				CLANG_ENABLE_MODULES = YES;
				CLANG_ENABLE_OBJC_ARC = YES;
				CLANG_ENABLE_OBJC_WEAK = YES;
				CLANG_WARN_BLOCK_CAPTURE_AUTORELEASING = YES;
				CLANG_WARN_BOOL_CONVERSION = YES;
				CLANG_WARN_COMMA = YES;
				CLANG_WARN_CONSTANT_CONVERSION = YES;
				CLANG_WARN_DEPRECATED_OBJC_IMPLEMENTATIONS = YES;
				CLANG_WARN_DIRECT_OBJC_ISA_USAGE = YES_ERROR;
				CLANG_WARN_DOCUMENTATION_COMMENTS = YES;
				CLANG_WARN_EMPTY_BODY = YES;
				CLANG_WARN_ENUM_CONVERSION = YES;
				CLANG_WARN_INFINITE_RECURSION = YES;
				CLANG_WARN_INT_CONVERSION = YES;
				CLANG_WARN_NON_LITERAL_NULL_CONVERSION = YES;
				CLANG_WARN_OBJC_IMPLICIT_RETAIN_SELF = YES;
				CLANG_WARN_OBJC_LITERAL_CONVERSION = YES;
				CLANG_WARN_OBJC_ROOT_CLASS = YES_ERROR;
				CLANG_WARN_QUOTED_INCLUDE_IN_FRAMEWORK_HEADER = YES;
				CLANG_WARN_RANGE_LOOP_ANALYSIS = YES;
				CLANG_WARN_STRICT_PROTOTYPES = YES;
				CLANG_WARN_SUSPICIOUS_MOVE = YES;
				CLANG_WARN_UNGUARDED_AVAILABILITY = YES_AGGRESSIVE;
				CLANG_WARN_UNREACHABLE_CODE = YES;
				CLANG_WARN__DUPLICATE_METHOD_MATCH = YES;
				COPY_PHASE_STRIP = NO;
				DEBUG_INFORMATION_FORMAT = dwarf;
				ENABLE_STRICT_OBJC_MSGSEND = YES;
				ENABLE_TESTABILITY = YES;
				GCC_C_LANGUAGE_STANDARD = gnu11;
				GCC_DYNAMIC_NO_PIC = NO;
				GCC_NO_COMMON_BLOCKS = YES;
				GCC_OPTIMIZATION_LEVEL = 0;
				GCC_PREPROCESSOR_DEFINITIONS = (
					"DEBUG=1",
					"$(inherited)",
				);
				GCC_WARN_64_TO_32_BIT_CONVERSION = YES;
				GCC_WARN_ABOUT_RETURN_TYPE = YES_ERROR;
				GCC_WARN_UNDECLARED_SELECTOR = YES;
				GCC_WARN_UNINITIALIZED_AUTOS = YES_AGGRESSIVE;
				GCC_WARN_UNUSED_FUNCTION = YES;
				GCC_WARN_UNUSED_VARIABLE = YES;
				IPHONEOS_DEPLOYMENT_TARGET = 15.5;
				MTL_ENABLE_DEBUG_INFO = INCLUDE_SOURCE;
				MTL_FAST_MATH = YES;
				ONLY_ACTIVE_ARCH = YES;
				SDKROOT = iphoneos;
				SWIFT_ACTIVE_COMPILATION_CONDITIONS = DEBUG;
				SWIFT_OPTIMIZATION_LEVEL = "-Onone";
			};
			name = Debug;
		};
		E9873F9D2939344600302524 /* Release */ = {
			isa = XCBuildConfiguration;
			buildSettings = {
				ALWAYS_SEARCH_USER_PATHS = NO;
				CLANG_ANALYZER_NONNULL = YES;
				CLANG_ANALYZER_NUMBER_OBJECT_CONVERSION = YES_AGGRESSIVE;
				CLANG_CXX_LANGUAGE_STANDARD = "gnu++17";
				CLANG_ENABLE_MODULES = YES;
				CLANG_ENABLE_OBJC_ARC = YES;
				CLANG_ENABLE_OBJC_WEAK = YES;
				CLANG_WARN_BLOCK_CAPTURE_AUTORELEASING = YES;
				CLANG_WARN_BOOL_CONVERSION = YES;
				CLANG_WARN_COMMA = YES;
				CLANG_WARN_CONSTANT_CONVERSION = YES;
				CLANG_WARN_DEPRECATED_OBJC_IMPLEMENTATIONS = YES;
				CLANG_WARN_DIRECT_OBJC_ISA_USAGE = YES_ERROR;
				CLANG_WARN_DOCUMENTATION_COMMENTS = YES;
				CLANG_WARN_EMPTY_BODY = YES;
				CLANG_WARN_ENUM_CONVERSION = YES;
				CLANG_WARN_INFINITE_RECURSION = YES;
				CLANG_WARN_INT_CONVERSION = YES;
				CLANG_WARN_NON_LITERAL_NULL_CONVERSION = YES;
				CLANG_WARN_OBJC_IMPLICIT_RETAIN_SELF = YES;
				CLANG_WARN_OBJC_LITERAL_CONVERSION = YES;
				CLANG_WARN_OBJC_ROOT_CLASS = YES_ERROR;
				CLANG_WARN_QUOTED_INCLUDE_IN_FRAMEWORK_HEADER = YES;
				CLANG_WARN_RANGE_LOOP_ANALYSIS = YES;
				CLANG_WARN_STRICT_PROTOTYPES = YES;
				CLANG_WARN_SUSPICIOUS_MOVE = YES;
				CLANG_WARN_UNGUARDED_AVAILABILITY = YES_AGGRESSIVE;
				CLANG_WARN_UNREACHABLE_CODE = YES;
				CLANG_WARN__DUPLICATE_METHOD_MATCH = YES;
				COPY_PHASE_STRIP = NO;
				DEBUG_INFORMATION_FORMAT = "dwarf-with-dsym";
				ENABLE_NS_ASSERTIONS = NO;
				ENABLE_STRICT_OBJC_MSGSEND = YES;
				GCC_C_LANGUAGE_STANDARD = gnu11;
				GCC_NO_COMMON_BLOCKS = YES;
				GCC_WARN_64_TO_32_BIT_CONVERSION = YES;
				GCC_WARN_ABOUT_RETURN_TYPE = YES_ERROR;
				GCC_WARN_UNDECLARED_SELECTOR = YES;
				GCC_WARN_UNINITIALIZED_AUTOS = YES_AGGRESSIVE;
				GCC_WARN_UNUSED_FUNCTION = YES;
				GCC_WARN_UNUSED_VARIABLE = YES;
				IPHONEOS_DEPLOYMENT_TARGET = 15.5;
				MTL_ENABLE_DEBUG_INFO = NO;
				MTL_FAST_MATH = YES;
				SDKROOT = iphoneos;
				SWIFT_COMPILATION_MODE = wholemodule;
				SWIFT_OPTIMIZATION_LEVEL = "-O";
				VALIDATE_PRODUCT = YES;
			};
			name = Release;
		};
		E9873F9F2939344600302524 /* Debug */ = {
			isa = XCBuildConfiguration;
			buildSettings = {
				ASSETCATALOG_COMPILER_APPICON_NAME = AppIcon;
				ASSETCATALOG_COMPILER_GLOBAL_ACCENT_COLOR_NAME = AccentColor;
				CODE_SIGNING_ALLOWED = NO;
				CODE_SIGNING_REQUIRED = NO;
				CODE_SIGN_IDENTITY = "";
				CODE_SIGN_STYLE = Automatic;
				CURRENT_PROJECT_VERSION = 1;
				DEVELOPMENT_TEAM = "";
				GENERATE_INFOPLIST_FILE = YES;
				INFOPLIST_KEY_UIApplicationSupportsIndirectInputEvents = YES;
				INFOPLIST_KEY_UILaunchStoryboardName = "";
				INFOPLIST_KEY_UIStatusBarHidden = YES;
				INFOPLIST_KEY_UISupportedInterfaceOrientations_iPad = "UIInterfaceOrientationPortrait UIInterfaceOrientationPortraitUpsideDown UIInterfaceOrientationLandscapeLeft UIInterfaceOrientationLandscapeRight";
				INFOPLIST_KEY_UISupportedInterfaceOrientations_iPhone = "UIInterfaceOrientationPortrait UIInterfaceOrientationLandscapeLeft UIInterfaceOrientationLandscapeRight";
				LD_RUNPATH_SEARCH_PATHS = (
					"$(inherited)",
					"@executable_path/Frameworks",
				);
				MARKETING_VERSION = 1.0;
				PRODUCT_BUNDLE_IDENTIFIER = Dick.PVOGame;
				PRODUCT_NAME = "$(TARGET_NAME)";
				SWIFT_EMIT_LOC_STRINGS = YES;
				SWIFT_VERSION = 5.0;
				TARGETED_DEVICE_FAMILY = "1,2";
			};
			name = Debug;
		};
		E9873FA02939344600302524 /* Release */ = {
			isa = XCBuildConfiguration;
			buildSettings = {
				ASSETCATALOG_COMPILER_APPICON_NAME = AppIcon;
				ASSETCATALOG_COMPILER_GLOBAL_ACCENT_COLOR_NAME = AccentColor;
				CODE_SIGN_STYLE = Automatic;
				CURRENT_PROJECT_VERSION = 1;
				DEVELOPMENT_TEAM = CUP6J8M2U4;
				GENERATE_INFOPLIST_FILE = YES;
				INFOPLIST_KEY_UIApplicationSupportsIndirectInputEvents = YES;
				INFOPLIST_KEY_UILaunchStoryboardName = "";
				INFOPLIST_KEY_UIStatusBarHidden = YES;
				INFOPLIST_KEY_UISupportedInterfaceOrientations_iPad = "UIInterfaceOrientationPortrait UIInterfaceOrientationPortraitUpsideDown UIInterfaceOrientationLandscapeLeft UIInterfaceOrientationLandscapeRight";
				INFOPLIST_KEY_UISupportedInterfaceOrientations_iPhone = "UIInterfaceOrientationPortrait UIInterfaceOrientationLandscapeLeft UIInterfaceOrientationLandscapeRight";
				LD_RUNPATH_SEARCH_PATHS = (
					"$(inherited)",
					"@executable_path/Frameworks",
				);
				MARKETING_VERSION = 1.0;
				PRODUCT_BUNDLE_IDENTIFIER = Dick.PVOGame;
				PRODUCT_NAME = "$(TARGET_NAME)";
				SWIFT_EMIT_LOC_STRINGS = YES;
				SWIFT_VERSION = 5.0;
				TARGETED_DEVICE_FAMILY = "1,2";
			};
			name = Release;
		};
		E9873FA22939344600302524 /* Debug */ = {
			isa = XCBuildConfiguration;
			buildSettings = {
				ALWAYS_EMBED_SWIFT_STANDARD_LIBRARIES = YES;
				BUNDLE_LOADER = "$(TEST_HOST)";
				CODE_SIGNING_ALLOWED = NO;
				CODE_SIGNING_REQUIRED = NO;
				CODE_SIGN_IDENTITY = "";
				CODE_SIGN_STYLE = Automatic;
				CURRENT_PROJECT_VERSION = 1;
				GENERATE_INFOPLIST_FILE = YES;
				IPHONEOS_DEPLOYMENT_TARGET = 15.5;
				MARKETING_VERSION = 1.0;
				PRODUCT_BUNDLE_IDENTIFIER = Dick.PVOGameTests;
				PRODUCT_NAME = "$(TARGET_NAME)";
				SWIFT_EMIT_LOC_STRINGS = NO;
				SWIFT_VERSION = 5.0;
				TARGETED_DEVICE_FAMILY = "1,2";
				TEST_HOST = "$(BUILT_PRODUCTS_DIR)/PVOGame.app/PVOGame";
			};
			name = Debug;
		};
		E9873FA32939344600302524 /* Release */ = {
			isa = XCBuildConfiguration;
			buildSettings = {
				ALWAYS_EMBED_SWIFT_STANDARD_LIBRARIES = YES;
				BUNDLE_LOADER = "$(TEST_HOST)";
				CODE_SIGN_STYLE = Automatic;
				CURRENT_PROJECT_VERSION = 1;
				GENERATE_INFOPLIST_FILE = YES;
				IPHONEOS_DEPLOYMENT_TARGET = 15.5;
				MARKETING_VERSION = 1.0;
				PRODUCT_BUNDLE_IDENTIFIER = Dick.PVOGameTests;
				PRODUCT_NAME = "$(TARGET_NAME)";
				SWIFT_EMIT_LOC_STRINGS = NO;
				SWIFT_VERSION = 5.0;
				TARGETED_DEVICE_FAMILY = "1,2";
				TEST_HOST = "$(BUILT_PRODUCTS_DIR)/PVOGame.app/PVOGame";
			};
			name = Release;
		};
		E9873FA52939344600302524 /* Debug */ = {
			isa = XCBuildConfiguration;
			buildSettings = {
				ALWAYS_EMBED_SWIFT_STANDARD_LIBRARIES = YES;
				CODE_SIGNING_ALLOWED = NO;
				CODE_SIGNING_REQUIRED = NO;
				CODE_SIGN_IDENTITY = "";
				CODE_SIGN_STYLE = Automatic;
				CURRENT_PROJECT_VERSION = 1;
				GENERATE_INFOPLIST_FILE = YES;
				MARKETING_VERSION = 1.0;
				PRODUCT_BUNDLE_IDENTIFIER = Dick.PVOGameUITests;
				PRODUCT_NAME = "$(TARGET_NAME)";
				SWIFT_EMIT_LOC_STRINGS = NO;
				SWIFT_VERSION = 5.0;
				TARGETED_DEVICE_FAMILY = "1,2";
				TEST_TARGET_NAME = PVOGame;
			};
			name = Debug;
		};
		E9873FA62939344600302524 /* Release */ = {
			isa = XCBuildConfiguration;
			buildSettings = {
				ALWAYS_EMBED_SWIFT_STANDARD_LIBRARIES = YES;
				CODE_SIGN_STYLE = Automatic;
				CURRENT_PROJECT_VERSION = 1;
				GENERATE_INFOPLIST_FILE = YES;
				MARKETING_VERSION = 1.0;
				PRODUCT_BUNDLE_IDENTIFIER = Dick.PVOGameUITests;
				PRODUCT_NAME = "$(TARGET_NAME)";
				SWIFT_EMIT_LOC_STRINGS = NO;
				SWIFT_VERSION = 5.0;
				TARGETED_DEVICE_FAMILY = "1,2";
				TEST_TARGET_NAME = PVOGame;
			};
			name = Release;
		};
/* End XCBuildConfiguration section */

/* Begin XCConfigurationList section */
		E9873F6C2939344500302524 /* Build configuration list for PBXProject "PVOGame" */ = {
			isa = XCConfigurationList;
			buildConfigurations = (
				E9873F9C2939344600302524 /* Debug */,
				E9873F9D2939344600302524 /* Release */,
			);
			defaultConfigurationIsVisible = 0;
			defaultConfigurationName = Release;
		};
		E9873F9E2939344600302524 /* Build configuration list for PBXNativeTarget "PVOGame" */ = {
			isa = XCConfigurationList;
			buildConfigurations = (
				E9873F9F2939344600302524 /* Debug */,
				E9873FA02939344600302524 /* Release */,
			);
			defaultConfigurationIsVisible = 0;
			defaultConfigurationName = Release;
		};
		E9873FA12939344600302524 /* Build configuration list for PBXNativeTarget "PVOGameTests" */ = {
			isa = XCConfigurationList;
			buildConfigurations = (
				E9873FA22939344600302524 /* Debug */,
				E9873FA32939344600302524 /* Release */,
			);
			defaultConfigurationIsVisible = 0;
			defaultConfigurationName = Release;
		};
		E9873FA42939344600302524 /* Build configuration list for PBXNativeTarget "PVOGameUITests" */ = {
			isa = XCConfigurationList;
			buildConfigurations = (
				E9873FA52939344600302524 /* Debug */,
				E9873FA62939344600302524 /* Release */,
			);
			defaultConfigurationIsVisible = 0;
			defaultConfigurationName = Release;
		};
/* End XCConfigurationList section */
	};
	rootObject = E9873F692939344500302524 /* Project object */;
}
